
Microsoft Visual Studio Solution File, Format Version 12.00
# Visual Studio Version 16
VisualStudioVersion = 16.0.30011.22
MinimumVisualStudioVersion = 10.0.40219.1
Project("{FAE04EC0-301F-11D3-BF4B-00C04F79EFBC}") = "DapperCRUDApi", "DapperCRUDApi\DapperCRUDApi.csproj", "{46B69781-CCA2-4062-BB00-D8409914F01C}"
EndProject
Global
	GlobalSection(SolutionConfigurationPlatforms) = preSolution
		Debug|Any CPU = Debug|Any CPU
		Release|Any CPU = Release|Any CPU
	EndGlobalSection
	GlobalSection(ProjectConfigurationPlatforms) = postSolution
		{46B69781-CCA2-4062-BB00-D8409914F01C}.Debug|Any CPU.ActiveCfg = Debug|Any CPU
		{46B69781-CCA2-4062-BB00-D8409914F01C}.Debug|Any CPU.Build.0 = Debug|Any CPU
		{46B69781-CCA2-4062-BB00-D8409914F01C}.Release|Any CPU.ActiveCfg = Release|Any CPU
		{46B69781-CCA2-4062-BB00-D8409914F01C}.Release|Any CPU.Build.0 = Release|Any CPU
	EndGlobalSection
	GlobalSection(SolutionProperties) = preSolution
		HideSolutionNode = FALSE
	EndGlobalSection
	GlobalSection(ExtensibilityGlobals) = postSolution
		SolutionGuid = {110AB7C7-7724-44BB-ADE1-94E19835BE14}
	EndGlobalSection
EndGlobal
